
Microsoft Visual Studio Solution File, Format Version 12.00
# Visual Studio 15
VisualStudioVersion = 15.0.27428.2037
MinimumVisualStudioVersion = 10.0.40219.1
Project("{FAE04EC0-301F-11D3-BF4B-00C04F79EFBC}") = "BabySittingTrackingApp", "BabySittingTrackingApp\BabySittingTrackingApp.csproj", "{554A1AA2-D086-46E9-8791-CDF99143DB48}"
EndProject
Project("{FAE04EC0-301F-11D3-BF4B-00C04F79EFBC}") = "BabySittingTrackingApp.Tests", "BabySittingTrackingApp.Tests\BabySittingTrackingApp.Tests.csproj", "{76F97C0A-7ADB-4E42-B16B-4E10A94D622A}"
EndProject
Global
	GlobalSection(SolutionConfigurationPlatforms) = preSolution
		Debug|Any CPU = Debug|Any CPU
		Release|Any CPU = Release|Any CPU
	EndGlobalSection
	GlobalSection(ProjectConfigurationPlatforms) = postSolution
		{554A1AA2-D086-46E9-8791-CDF99143DB48}.Debug|Any CPU.ActiveCfg = Debug|Any CPU
		{554A1AA2-D086-46E9-8791-CDF99143DB48}.Debug|Any CPU.Build.0 = Debug|Any CPU
		{554A1AA2-D086-46E9-8791-CDF99143DB48}.Release|Any CPU.ActiveCfg = Release|Any CPU
		{554A1AA2-D086-46E9-8791-CDF99143DB48}.Release|Any CPU.Build.0 = Release|Any CPU
		{76F97C0A-7ADB-4E42-B16B-4E10A94D622A}.Debug|Any CPU.ActiveCfg = Debug|Any CPU
		{76F97C0A-7ADB-4E42-B16B-4E10A94D622A}.Debug|Any CPU.Build.0 = Debug|Any CPU
		{76F97C0A-7ADB-4E42-B16B-4E10A94D622A}.Release|Any CPU.ActiveCfg = Release|Any CPU
		{76F97C0A-7ADB-4E42-B16B-4E10A94D622A}.Release|Any CPU.Build.0 = Release|Any CPU
	EndGlobalSection
	GlobalSection(SolutionProperties) = preSolution
		HideSolutionNode = FALSE
	EndGlobalSection
	GlobalSection(ExtensibilityGlobals) = postSolution
		SolutionGuid = {1F5CC52C-3C53-47FE-A661-267C06AEC54B}
	EndGlobalSection
EndGlobal
